// !$*UTF8*$!
{
	archiveVersion = 1;
	classes = {
	};
	objectVersion = 50;
	objects = {

/* Begin PBXBuildFile section */
		147351C4341B866ED1554460 /* Pods_MichaelChang_Lab4UITests.framework in Frameworks */ = {isa = PBXBuildFile; fileRef = AEB438ED98AEE2F75DE6E26A /* Pods_MichaelChang_Lab4UITests.framework */; };
		2217D7CC20F0792700639B82 /* MovieDetailViewController.swift in Sources */ = {isa = PBXBuildFile; fileRef = 2217D7CB20F0792700639B82 /* MovieDetailViewController.swift */; };
		2238BC0A20F123BD0087A346 /* Favorites.plist in Resources */ = {isa = PBXBuildFile; fileRef = 2238BC0920F123BD0087A346 /* Favorites.plist */; };
		2238BC0C20F124520087A346 /* FavoritesTableViewController.swift in Sources */ = {isa = PBXBuildFile; fileRef = 2238BC0B20F124520087A346 /* FavoritesTableViewController.swift */; };
		22F1A49F20EEE6880094A456 /* AppDelegate.swift in Sources */ = {isa = PBXBuildFile; fileRef = 22F1A49E20EEE6880094A456 /* AppDelegate.swift */; };
		22F1A4A120EEE6880094A456 /* ViewController.swift in Sources */ = {isa = PBXBuildFile; fileRef = 22F1A4A020EEE6880094A456 /* ViewController.swift */; };
		22F1A4A420EEE6880094A456 /* Main.storyboard in Resources */ = {isa = PBXBuildFile; fileRef = 22F1A4A220EEE6880094A456 /* Main.storyboard */; };
		22F1A4A620EEE6910094A456 /* Assets.xcassets in Resources */ = {isa = PBXBuildFile; fileRef = 22F1A4A520EEE6910094A456 /* Assets.xcassets */; };
		22F1A4A920EEE6910094A456 /* LaunchScreen.storyboard in Resources */ = {isa = PBXBuildFile; fileRef = 22F1A4A720EEE6910094A456 /* LaunchScreen.storyboard */; };
		22F1A4B420EEE6910094A456 /* MichaelChang_Lab4Tests.swift in Sources */ = {isa = PBXBuildFile; fileRef = 22F1A4B320EEE6910094A456 /* MichaelChang_Lab4Tests.swift */; };
		22F1A4BF20EEE6910094A456 /* MichaelChang_Lab4UITests.swift in Sources */ = {isa = PBXBuildFile; fileRef = 22F1A4BE20EEE6910094A456 /* MichaelChang_Lab4UITests.swift */; };
		22F1A4CD20EEEC4B0094A456 /* MovieCollectionViewCell.swift in Sources */ = {isa = PBXBuildFile; fileRef = 22F1A4CC20EEEC4B0094A456 /* MovieCollectionViewCell.swift */; };
		22F1A4CF20EEF9650094A456 /* TMDbSearchResult.swift in Sources */ = {isa = PBXBuildFile; fileRef = 22F1A4CE20EEF9650094A456 /* TMDbSearchResult.swift */; };
		22F1A4D120EEFAFA0094A456 /* MovieData.swift in Sources */ = {isa = PBXBuildFile; fileRef = 22F1A4D020EEFAFA0094A456 /* MovieData.swift */; };
		22F1A4D320EF0C270094A456 /* MovieCollectionView.swift in Sources */ = {isa = PBXBuildFile; fileRef = 22F1A4D220EF0C270094A456 /* MovieCollectionView.swift */; };
		50464EC0ED8BE6484B641272 /* Pods_MichaelChang_Lab4.framework in Frameworks */ = {isa = PBXBuildFile; fileRef = 9443B1E1C06C209FB9E75F01 /* Pods_MichaelChang_Lab4.framework */; };
		685E1ADD20F1824800B4D3A1 /* favorites.db in Resources */ = {isa = PBXBuildFile; fileRef = 685E1ADC20F1824800B4D3A1 /* favorites.db */; };
		685E1AEA20F182CA00B4D3A1 /* FMResultSet.m in Sources */ = {isa = PBXBuildFile; fileRef = 685E1ADF20F182C900B4D3A1 /* FMResultSet.m */; };
		685E1AEB20F182CA00B4D3A1 /* FMDatabase.m in Sources */ = {isa = PBXBuildFile; fileRef = 685E1AE420F182C900B4D3A1 /* FMDatabase.m */; };
		685E1AEC20F182CA00B4D3A1 /* FMDatabasePool.m in Sources */ = {isa = PBXBuildFile; fileRef = 685E1AE520F182C900B4D3A1 /* FMDatabasePool.m */; };
		685E1AED20F182CA00B4D3A1 /* FMDatabaseAdditions.m in Sources */ = {isa = PBXBuildFile; fileRef = 685E1AE720F182CA00B4D3A1 /* FMDatabaseAdditions.m */; };
		685E1AEE20F182CA00B4D3A1 /* FMDatabaseQueue.m in Sources */ = {isa = PBXBuildFile; fileRef = 685E1AE820F182CA00B4D3A1 /* FMDatabaseQueue.m */; };
		687F949420F1675D00CE0AAB /* MovieDetails.swift in Sources */ = {isa = PBXBuildFile; fileRef = 687F949320F1675D00CE0AAB /* MovieDetails.swift */; };
		687F949620F1684000CE0AAB /* TMDbDetailsResult.swift in Sources */ = {isa = PBXBuildFile; fileRef = 687F949520F1684000CE0AAB /* TMDbDetailsResult.swift */; };
		687F949820F16C4D00CE0AAB /* ReleaseDetails.swift in Sources */ = {isa = PBXBuildFile; fileRef = 687F949720F16C4D00CE0AAB /* ReleaseDetails.swift */; };
		6881593020FA85FD00F27757 /* GenreResult.swift in Sources */ = {isa = PBXBuildFile; fileRef = 6881592F20FA85FD00F27757 /* GenreResult.swift */; };
		6881593420FA876000F27757 /* Genre.swift in Sources */ = {isa = PBXBuildFile; fileRef = 6881593320FA876000F27757 /* Genre.swift */; };
		6881593D20FA971000F27757 /* GenreViewController.swift in Sources */ = {isa = PBXBuildFile; fileRef = 6881593C20FA971000F27757 /* GenreViewController.swift */; };
		689CB74820F28C0600D84241 /* GoogleService-Info.plist in Resources */ = {isa = PBXBuildFile; fileRef = 689CB74720F28C0600D84241 /* GoogleService-Info.plist */; };
		68A2DF9D20FABF910070C511 /* TrailerViewController.swift in Sources */ = {isa = PBXBuildFile; fileRef = 68A2DF9C20FABF910070C511 /* TrailerViewController.swift */; };
		68A2DF9F20FAC3120070C511 /* VideoResult.swift in Sources */ = {isa = PBXBuildFile; fileRef = 68A2DF9E20FAC3120070C511 /* VideoResult.swift */; };
		68A2DFA320FAC3670070C511 /* Video.swift in Sources */ = {isa = PBXBuildFile; fileRef = 68A2DFA220FAC3670070C511 /* Video.swift */; };
		99E21E0EC74AF952E086E651 /* Pods_MichaelChang_Lab4Tests.framework in Frameworks */ = {isa = PBXBuildFile; fileRef = 0B760571459526AF42484402 /* Pods_MichaelChang_Lab4Tests.framework */; };
/* End PBXBuildFile section */

/* Begin PBXContainerItemProxy section */
		22F1A4B020EEE6910094A456 /* PBXContainerItemProxy */ = {
			isa = PBXContainerItemProxy;
			containerPortal = 22F1A49320EEE6880094A456 /* Project object */;
			proxyType = 1;
			remoteGlobalIDString = 22F1A49A20EEE6880094A456;
			remoteInfo = "MichaelChang-Lab4";
		};
		22F1A4BB20EEE6910094A456 /* PBXContainerItemProxy */ = {
			isa = PBXContainerItemProxy;
			containerPortal = 22F1A49320EEE6880094A456 /* Project object */;
			proxyType = 1;
			remoteGlobalIDString = 22F1A49A20EEE6880094A456;
			remoteInfo = "MichaelChang-Lab4";
		};
/* End PBXContainerItemProxy section */

/* Begin PBXFileReference section */
		0B760571459526AF42484402 /* Pods_MichaelChang_Lab4Tests.framework */ = {isa = PBXFileReference; explicitFileType = wrapper.framework; includeInIndex = 0; path = Pods_MichaelChang_Lab4Tests.framework; sourceTree = BUILT_PRODUCTS_DIR; };
		0CBF79FD49F977D6C362A3A7 /* Pods-MichaelChang-Lab4Tests.release.xcconfig */ = {isa = PBXFileReference; includeInIndex = 1; lastKnownFileType = text.xcconfig; name = "Pods-MichaelChang-Lab4Tests.release.xcconfig"; path = "Pods/Target Support Files/Pods-MichaelChang-Lab4Tests/Pods-MichaelChang-Lab4Tests.release.xcconfig"; sourceTree = "<group>"; };
		2217D7CB20F0792700639B82 /* MovieDetailViewController.swift */ = {isa = PBXFileReference; lastKnownFileType = sourcecode.swift; path = MovieDetailViewController.swift; sourceTree = "<group>"; };
		2238BC0920F123BD0087A346 /* Favorites.plist */ = {isa = PBXFileReference; lastKnownFileType = text.plist.xml; path = Favorites.plist; sourceTree = "<group>"; };
		2238BC0B20F124520087A346 /* FavoritesTableViewController.swift */ = {isa = PBXFileReference; lastKnownFileType = sourcecode.swift; path = FavoritesTableViewController.swift; sourceTree = "<group>"; };
		22F1A49B20EEE6880094A456 /* MichaelChang-Lab4.app */ = {isa = PBXFileReference; explicitFileType = wrapper.application; includeInIndex = 0; path = "MichaelChang-Lab4.app"; sourceTree = BUILT_PRODUCTS_DIR; };
		22F1A49E20EEE6880094A456 /* AppDelegate.swift */ = {isa = PBXFileReference; lastKnownFileType = sourcecode.swift; path = AppDelegate.swift; sourceTree = "<group>"; };
		22F1A4A020EEE6880094A456 /* ViewController.swift */ = {isa = PBXFileReference; lastKnownFileType = sourcecode.swift; path = ViewController.swift; sourceTree = "<group>"; };
		22F1A4A320EEE6880094A456 /* Base */ = {isa = PBXFileReference; lastKnownFileType = file.storyboard; name = Base; path = Base.lproj/Main.storyboard; sourceTree = "<group>"; };
		22F1A4A520EEE6910094A456 /* Assets.xcassets */ = {isa = PBXFileReference; lastKnownFileType = folder.assetcatalog; path = Assets.xcassets; sourceTree = "<group>"; };
		22F1A4A820EEE6910094A456 /* Base */ = {isa = PBXFileReference; lastKnownFileType = file.storyboard; name = Base; path = Base.lproj/LaunchScreen.storyboard; sourceTree = "<group>"; };
		22F1A4AA20EEE6910094A456 /* Info.plist */ = {isa = PBXFileReference; lastKnownFileType = text.plist.xml; path = Info.plist; sourceTree = "<group>"; };
		22F1A4AF20EEE6910094A456 /* MichaelChang-Lab4Tests.xctest */ = {isa = PBXFileReference; explicitFileType = wrapper.cfbundle; includeInIndex = 0; path = "MichaelChang-Lab4Tests.xctest"; sourceTree = BUILT_PRODUCTS_DIR; };
		22F1A4B320EEE6910094A456 /* MichaelChang_Lab4Tests.swift */ = {isa = PBXFileReference; lastKnownFileType = sourcecode.swift; path = MichaelChang_Lab4Tests.swift; sourceTree = "<group>"; };
		22F1A4B520EEE6910094A456 /* Info.plist */ = {isa = PBXFileReference; lastKnownFileType = text.plist.xml; path = Info.plist; sourceTree = "<group>"; };
		22F1A4BA20EEE6910094A456 /* MichaelChang-Lab4UITests.xctest */ = {isa = PBXFileReference; explicitFileType = wrapper.cfbundle; includeInIndex = 0; path = "MichaelChang-Lab4UITests.xctest"; sourceTree = BUILT_PRODUCTS_DIR; };
		22F1A4BE20EEE6910094A456 /* MichaelChang_Lab4UITests.swift */ = {isa = PBXFileReference; lastKnownFileType = sourcecode.swift; path = MichaelChang_Lab4UITests.swift; sourceTree = "<group>"; };
		22F1A4C020EEE6910094A456 /* Info.plist */ = {isa = PBXFileReference; lastKnownFileType = text.plist.xml; path = Info.plist; sourceTree = "<group>"; };
		22F1A4CC20EEEC4B0094A456 /* MovieCollectionViewCell.swift */ = {isa = PBXFileReference; lastKnownFileType = sourcecode.swift; path = MovieCollectionViewCell.swift; sourceTree = "<group>"; };
		22F1A4CE20EEF9650094A456 /* TMDbSearchResult.swift */ = {isa = PBXFileReference; lastKnownFileType = sourcecode.swift; path = TMDbSearchResult.swift; sourceTree = "<group>"; };
		22F1A4D020EEFAFA0094A456 /* MovieData.swift */ = {isa = PBXFileReference; lastKnownFileType = sourcecode.swift; path = MovieData.swift; sourceTree = "<group>"; };
		22F1A4D220EF0C270094A456 /* MovieCollectionView.swift */ = {isa = PBXFileReference; lastKnownFileType = sourcecode.swift; path = MovieCollectionView.swift; sourceTree = "<group>"; };
		685E1ADC20F1824800B4D3A1 /* favorites.db */ = {isa = PBXFileReference; lastKnownFileType = file; name = favorites.db; path = ../../favorites.db; sourceTree = "<group>"; };
		685E1ADE20F182C800B4D3A1 /* MichaelChang-Lab4-Bridging-Header.h */ = {isa = PBXFileReference; lastKnownFileType = sourcecode.c.h; path = "MichaelChang-Lab4-Bridging-Header.h"; sourceTree = "<group>"; };
		685E1ADF20F182C900B4D3A1 /* FMResultSet.m */ = {isa = PBXFileReference; fileEncoding = 4; lastKnownFileType = sourcecode.c.objc; path = FMResultSet.m; sourceTree = "<group>"; };
		685E1AE020F182C900B4D3A1 /* FMDatabaseQueue.h */ = {isa = PBXFileReference; fileEncoding = 4; lastKnownFileType = sourcecode.c.h; path = FMDatabaseQueue.h; sourceTree = "<group>"; };
		685E1AE120F182C900B4D3A1 /* FMDatabasePool.h */ = {isa = PBXFileReference; fileEncoding = 4; lastKnownFileType = sourcecode.c.h; path = FMDatabasePool.h; sourceTree = "<group>"; };
		685E1AE220F182C900B4D3A1 /* FMDatabaseAdditions.h */ = {isa = PBXFileReference; fileEncoding = 4; lastKnownFileType = sourcecode.c.h; path = FMDatabaseAdditions.h; sourceTree = "<group>"; };
		685E1AE320F182C900B4D3A1 /* FMDB.h */ = {isa = PBXFileReference; fileEncoding = 4; lastKnownFileType = sourcecode.c.h; path = FMDB.h; sourceTree = "<group>"; };
		685E1AE420F182C900B4D3A1 /* FMDatabase.m */ = {isa = PBXFileReference; fileEncoding = 4; lastKnownFileType = sourcecode.c.objc; path = FMDatabase.m; sourceTree = "<group>"; };
		685E1AE520F182C900B4D3A1 /* FMDatabasePool.m */ = {isa = PBXFileReference; fileEncoding = 4; lastKnownFileType = sourcecode.c.objc; path = FMDatabasePool.m; sourceTree = "<group>"; };
		685E1AE620F182C900B4D3A1 /* FMDatabase.h */ = {isa = PBXFileReference; fileEncoding = 4; lastKnownFileType = sourcecode.c.h; path = FMDatabase.h; sourceTree = "<group>"; };
		685E1AE720F182CA00B4D3A1 /* FMDatabaseAdditions.m */ = {isa = PBXFileReference; fileEncoding = 4; lastKnownFileType = sourcecode.c.objc; path = FMDatabaseAdditions.m; sourceTree = "<group>"; };
		685E1AE820F182CA00B4D3A1 /* FMDatabaseQueue.m */ = {isa = PBXFileReference; fileEncoding = 4; lastKnownFileType = sourcecode.c.objc; path = FMDatabaseQueue.m; sourceTree = "<group>"; };
		685E1AE920F182CA00B4D3A1 /* FMResultSet.h */ = {isa = PBXFileReference; fileEncoding = 4; lastKnownFileType = sourcecode.c.h; path = FMResultSet.h; sourceTree = "<group>"; };
		687F949320F1675D00CE0AAB /* MovieDetails.swift */ = {isa = PBXFileReference; lastKnownFileType = sourcecode.swift; path = MovieDetails.swift; sourceTree = "<group>"; };
		687F949520F1684000CE0AAB /* TMDbDetailsResult.swift */ = {isa = PBXFileReference; lastKnownFileType = sourcecode.swift; path = TMDbDetailsResult.swift; sourceTree = "<group>"; };
		687F949720F16C4D00CE0AAB /* ReleaseDetails.swift */ = {isa = PBXFileReference; lastKnownFileType = sourcecode.swift; path = ReleaseDetails.swift; sourceTree = "<group>"; };
		6881592F20FA85FD00F27757 /* GenreResult.swift */ = {isa = PBXFileReference; lastKnownFileType = sourcecode.swift; path = GenreResult.swift; sourceTree = "<group>"; };
		6881593320FA876000F27757 /* Genre.swift */ = {isa = PBXFileReference; lastKnownFileType = sourcecode.swift; path = Genre.swift; sourceTree = "<group>"; };
		6881593520FA919200F27757 /* GenreTableViewController.swift */ = {isa = PBXFileReference; lastKnownFileType = sourcecode.swift; path = GenreTableViewController.swift; sourceTree = "<group>"; };
		6881593C20FA971000F27757 /* GenreViewController.swift */ = {isa = PBXFileReference; lastKnownFileType = sourcecode.swift; path = GenreViewController.swift; sourceTree = "<group>"; };
		689CB74720F28C0600D84241 /* GoogleService-Info.plist */ = {isa = PBXFileReference; fileEncoding = 4; lastKnownFileType = text.plist.xml; path = "GoogleService-Info.plist"; sourceTree = "<group>"; };
		68A2DF9C20FABF910070C511 /* TrailerViewController.swift */ = {isa = PBXFileReference; lastKnownFileType = sourcecode.swift; path = TrailerViewController.swift; sourceTree = "<group>"; };
		68A2DF9E20FAC3120070C511 /* VideoResult.swift */ = {isa = PBXFileReference; lastKnownFileType = sourcecode.swift; path = VideoResult.swift; sourceTree = "<group>"; };
		68A2DFA220FAC3670070C511 /* Video.swift */ = {isa = PBXFileReference; lastKnownFileType = sourcecode.swift; path = Video.swift; sourceTree = "<group>"; };
		9443B1E1C06C209FB9E75F01 /* Pods_MichaelChang_Lab4.framework */ = {isa = PBXFileReference; explicitFileType = wrapper.framework; includeInIndex = 0; path = Pods_MichaelChang_Lab4.framework; sourceTree = BUILT_PRODUCTS_DIR; };
		993932EAA244BB79ED2432BA /* Pods-MichaelChang-Lab4Tests.debug.xcconfig */ = {isa = PBXFileReference; includeInIndex = 1; lastKnownFileType = text.xcconfig; name = "Pods-MichaelChang-Lab4Tests.debug.xcconfig"; path = "Pods/Target Support Files/Pods-MichaelChang-Lab4Tests/Pods-MichaelChang-Lab4Tests.debug.xcconfig"; sourceTree = "<group>"; };
		AEB438ED98AEE2F75DE6E26A /* Pods_MichaelChang_Lab4UITests.framework */ = {isa = PBXFileReference; explicitFileType = wrapper.framework; includeInIndex = 0; path = Pods_MichaelChang_Lab4UITests.framework; sourceTree = BUILT_PRODUCTS_DIR; };
		B0969B7763951981A1301730 /* Pods-MichaelChang-Lab4UITests.release.xcconfig */ = {isa = PBXFileReference; includeInIndex = 1; lastKnownFileType = text.xcconfig; name = "Pods-MichaelChang-Lab4UITests.release.xcconfig"; path = "Pods/Target Support Files/Pods-MichaelChang-Lab4UITests/Pods-MichaelChang-Lab4UITests.release.xcconfig"; sourceTree = "<group>"; };
		CD67D4B07CC3310340DC429A /* Pods-MichaelChang-Lab4.release.xcconfig */ = {isa = PBXFileReference; includeInIndex = 1; lastKnownFileType = text.xcconfig; name = "Pods-MichaelChang-Lab4.release.xcconfig"; path = "Pods/Target Support Files/Pods-MichaelChang-Lab4/Pods-MichaelChang-Lab4.release.xcconfig"; sourceTree = "<group>"; };
		E919C662DB48C4F7ED35CF6B /* Pods-MichaelChang-Lab4.debug.xcconfig */ = {isa = PBXFileReference; includeInIndex = 1; lastKnownFileType = text.xcconfig; name = "Pods-MichaelChang-Lab4.debug.xcconfig"; path = "Pods/Target Support Files/Pods-MichaelChang-Lab4/Pods-MichaelChang-Lab4.debug.xcconfig"; sourceTree = "<group>"; };
		FEAB824A8367F9F530E2B6F6 /* Pods-MichaelChang-Lab4UITests.debug.xcconfig */ = {isa = PBXFileReference; includeInIndex = 1; lastKnownFileType = text.xcconfig; name = "Pods-MichaelChang-Lab4UITests.debug.xcconfig"; path = "Pods/Target Support Files/Pods-MichaelChang-Lab4UITests/Pods-MichaelChang-Lab4UITests.debug.xcconfig"; sourceTree = "<group>"; };
/* End PBXFileReference section */

/* Begin PBXFrameworksBuildPhase section */
		22F1A49820EEE6880094A456 /* Frameworks */ = {
			isa = PBXFrameworksBuildPhase;
			buildActionMask = 2147483647;
			files = (
				50464EC0ED8BE6484B641272 /* Pods_MichaelChang_Lab4.framework in Frameworks */,
			);
			runOnlyForDeploymentPostprocessing = 0;
		};
		22F1A4AC20EEE6910094A456 /* Frameworks */ = {
			isa = PBXFrameworksBuildPhase;
			buildActionMask = 2147483647;
			files = (
				99E21E0EC74AF952E086E651 /* Pods_MichaelChang_Lab4Tests.framework in Frameworks */,
			);
			runOnlyForDeploymentPostprocessing = 0;
		};
		22F1A4B720EEE6910094A456 /* Frameworks */ = {
			isa = PBXFrameworksBuildPhase;
			buildActionMask = 2147483647;
			files = (
				147351C4341B866ED1554460 /* Pods_MichaelChang_Lab4UITests.framework in Frameworks */,
			);
			runOnlyForDeploymentPostprocessing = 0;
		};
/* End PBXFrameworksBuildPhase section */

/* Begin PBXGroup section */
		22F1A49220EEE6880094A456 = {
			isa = PBXGroup;
			children = (
				22F1A49D20EEE6880094A456 /* MichaelChang-Lab4 */,
				22F1A4B220EEE6910094A456 /* MichaelChang-Lab4Tests */,
				22F1A4BD20EEE6910094A456 /* MichaelChang-Lab4UITests */,
				22F1A49C20EEE6880094A456 /* Products */,
				685E1AE620F182C900B4D3A1 /* FMDatabase.h */,
				685E1AE420F182C900B4D3A1 /* FMDatabase.m */,
				685E1AE220F182C900B4D3A1 /* FMDatabaseAdditions.h */,
				685E1AE720F182CA00B4D3A1 /* FMDatabaseAdditions.m */,
				685E1AE120F182C900B4D3A1 /* FMDatabasePool.h */,
				685E1AE520F182C900B4D3A1 /* FMDatabasePool.m */,
				685E1AE020F182C900B4D3A1 /* FMDatabaseQueue.h */,
				685E1AE820F182CA00B4D3A1 /* FMDatabaseQueue.m */,
				685E1AE320F182C900B4D3A1 /* FMDB.h */,
				685E1AE920F182CA00B4D3A1 /* FMResultSet.h */,
				685E1ADF20F182C900B4D3A1 /* FMResultSet.m */,
				685E1ADE20F182C800B4D3A1 /* MichaelChang-Lab4-Bridging-Header.h */,
				78167DE703BF6DD651B53A3A /* Pods */,
				E0F39E6C38DE077040921F63 /* Frameworks */,
				6881593B20FA96BA00F27757 /* Recovered References */,
			);
			sourceTree = "<group>";
		};
		22F1A49C20EEE6880094A456 /* Products */ = {
			isa = PBXGroup;
			children = (
				22F1A49B20EEE6880094A456 /* MichaelChang-Lab4.app */,
				22F1A4AF20EEE6910094A456 /* MichaelChang-Lab4Tests.xctest */,
				22F1A4BA20EEE6910094A456 /* MichaelChang-Lab4UITests.xctest */,
			);
			name = Products;
			sourceTree = "<group>";
		};
		22F1A49D20EEE6880094A456 /* MichaelChang-Lab4 */ = {
			isa = PBXGroup;
			children = (
				22F1A49E20EEE6880094A456 /* AppDelegate.swift */,
				22F1A4A020EEE6880094A456 /* ViewController.swift */,
				2217D7CB20F0792700639B82 /* MovieDetailViewController.swift */,
				68A2DF9C20FABF910070C511 /* TrailerViewController.swift */,
				6881593C20FA971000F27757 /* GenreViewController.swift */,
				2238BC0B20F124520087A346 /* FavoritesTableViewController.swift */,
				22F1A4D220EF0C270094A456 /* MovieCollectionView.swift */,
				22F1A4CC20EEEC4B0094A456 /* MovieCollectionViewCell.swift */,
				22F1A4D020EEFAFA0094A456 /* MovieData.swift */,
				687F949320F1675D00CE0AAB /* MovieDetails.swift */,
				687F949720F16C4D00CE0AAB /* ReleaseDetails.swift */,
				22F1A4CE20EEF9650094A456 /* TMDbSearchResult.swift */,
				687F949520F1684000CE0AAB /* TMDbDetailsResult.swift */,
				6881592F20FA85FD00F27757 /* GenreResult.swift */,
				68A2DF9E20FAC3120070C511 /* VideoResult.swift */,
				68A2DFA220FAC3670070C511 /* Video.swift */,
				6881593320FA876000F27757 /* Genre.swift */,
				22F1A4A220EEE6880094A456 /* Main.storyboard */,
				22F1A4A520EEE6910094A456 /* Assets.xcassets */,
				22F1A4A720EEE6910094A456 /* LaunchScreen.storyboard */,
				22F1A4AA20EEE6910094A456 /* Info.plist */,
				2238BC0920F123BD0087A346 /* Favorites.plist */,
				689CB74720F28C0600D84241 /* GoogleService-Info.plist */,
				685E1ADC20F1824800B4D3A1 /* favorites.db */,
			);
			path = "MichaelChang-Lab4";
			sourceTree = "<group>";
		};
		22F1A4B220EEE6910094A456 /* MichaelChang-Lab4Tests */ = {
			isa = PBXGroup;
			children = (
				22F1A4B320EEE6910094A456 /* MichaelChang_Lab4Tests.swift */,
				22F1A4B520EEE6910094A456 /* Info.plist */,
			);
			path = "MichaelChang-Lab4Tests";
			sourceTree = "<group>";
		};
		22F1A4BD20EEE6910094A456 /* MichaelChang-Lab4UITests */ = {
			isa = PBXGroup;
			children = (
				22F1A4BE20EEE6910094A456 /* MichaelChang_Lab4UITests.swift */,
				22F1A4C020EEE6910094A456 /* Info.plist */,
			);
			path = "MichaelChang-Lab4UITests";
			sourceTree = "<group>";
		};
		6881593B20FA96BA00F27757 /* Recovered References */ = {
			isa = PBXGroup;
			children = (
				6881593520FA919200F27757 /* GenreTableViewController.swift */,
			);
			name = "Recovered References";
			sourceTree = "<group>";
		};
		78167DE703BF6DD651B53A3A /* Pods */ = {
			isa = PBXGroup;
			children = (
				E919C662DB48C4F7ED35CF6B /* Pods-MichaelChang-Lab4.debug.xcconfig */,
				CD67D4B07CC3310340DC429A /* Pods-MichaelChang-Lab4.release.xcconfig */,
				993932EAA244BB79ED2432BA /* Pods-MichaelChang-Lab4Tests.debug.xcconfig */,
				0CBF79FD49F977D6C362A3A7 /* Pods-MichaelChang-Lab4Tests.release.xcconfig */,
				FEAB824A8367F9F530E2B6F6 /* Pods-MichaelChang-Lab4UITests.debug.xcconfig */,
				B0969B7763951981A1301730 /* Pods-MichaelChang-Lab4UITests.release.xcconfig */,
			);
			name = Pods;
			sourceTree = "<group>";
		};
		E0F39E6C38DE077040921F63 /* Frameworks */ = {
			isa = PBXGroup;
			children = (
				9443B1E1C06C209FB9E75F01 /* Pods_MichaelChang_Lab4.framework */,
				0B760571459526AF42484402 /* Pods_MichaelChang_Lab4Tests.framework */,
				AEB438ED98AEE2F75DE6E26A /* Pods_MichaelChang_Lab4UITests.framework */,
			);
			name = Frameworks;
			sourceTree = "<group>";
		};
/* End PBXGroup section */

/* Begin PBXNativeTarget section */
		22F1A49A20EEE6880094A456 /* MichaelChang-Lab4 */ = {
			isa = PBXNativeTarget;
			buildConfigurationList = 22F1A4C320EEE6910094A456 /* Build configuration list for PBXNativeTarget "MichaelChang-Lab4" */;
			buildPhases = (
				2FDA3E516DF7CE82496752E0 /* [CP] Check Pods Manifest.lock */,
				22F1A49720EEE6880094A456 /* Sources */,
				22F1A49820EEE6880094A456 /* Frameworks */,
				22F1A49920EEE6880094A456 /* Resources */,
				C8CD55408AE0027F6F49A843 /* [CP] Embed Pods Frameworks */,
			);
			buildRules = (
			);
			dependencies = (
			);
			name = "MichaelChang-Lab4";
			productName = "MichaelChang-Lab4";
			productReference = 22F1A49B20EEE6880094A456 /* MichaelChang-Lab4.app */;
			productType = "com.apple.product-type.application";
		};
		22F1A4AE20EEE6910094A456 /* MichaelChang-Lab4Tests */ = {
			isa = PBXNativeTarget;
			buildConfigurationList = 22F1A4C620EEE6910094A456 /* Build configuration list for PBXNativeTarget "MichaelChang-Lab4Tests" */;
			buildPhases = (
				A0A52B76A3421B8C224C39E4 /* [CP] Check Pods Manifest.lock */,
				22F1A4AB20EEE6910094A456 /* Sources */,
				22F1A4AC20EEE6910094A456 /* Frameworks */,
				22F1A4AD20EEE6910094A456 /* Resources */,
			);
			buildRules = (
			);
			dependencies = (
				22F1A4B120EEE6910094A456 /* PBXTargetDependency */,
			);
			name = "MichaelChang-Lab4Tests";
			productName = "MichaelChang-Lab4Tests";
			productReference = 22F1A4AF20EEE6910094A456 /* MichaelChang-Lab4Tests.xctest */;
			productType = "com.apple.product-type.bundle.unit-test";
		};
		22F1A4B920EEE6910094A456 /* MichaelChang-Lab4UITests */ = {
			isa = PBXNativeTarget;
			buildConfigurationList = 22F1A4C920EEE6910094A456 /* Build configuration list for PBXNativeTarget "MichaelChang-Lab4UITests" */;
			buildPhases = (
				3AEBCEEBCFFB04B85CEFA62D /* [CP] Check Pods Manifest.lock */,
				22F1A4B620EEE6910094A456 /* Sources */,
				22F1A4B720EEE6910094A456 /* Frameworks */,
				22F1A4B820EEE6910094A456 /* Resources */,
			);
			buildRules = (
			);
			dependencies = (
				22F1A4BC20EEE6910094A456 /* PBXTargetDependency */,
			);
			name = "MichaelChang-Lab4UITests";
			productName = "MichaelChang-Lab4UITests";
			productReference = 22F1A4BA20EEE6910094A456 /* MichaelChang-Lab4UITests.xctest */;
			productType = "com.apple.product-type.bundle.ui-testing";
		};
/* End PBXNativeTarget section */

/* Begin PBXProject section */
		22F1A49320EEE6880094A456 /* Project object */ = {
			isa = PBXProject;
			attributes = {
				LastSwiftUpdateCheck = 0940;
				LastUpgradeCheck = 0940;
				ORGANIZATIONNAME = mc;
				TargetAttributes = {
					22F1A49A20EEE6880094A456 = {
						CreatedOnToolsVersion = 9.4.1;
						LastSwiftMigration = 0940;
					};
					22F1A4AE20EEE6910094A456 = {
						CreatedOnToolsVersion = 9.4.1;
						TestTargetID = 22F1A49A20EEE6880094A456;
					};
					22F1A4B920EEE6910094A456 = {
						CreatedOnToolsVersion = 9.4.1;
						TestTargetID = 22F1A49A20EEE6880094A456;
					};
				};
			};
			buildConfigurationList = 22F1A49620EEE6880094A456 /* Build configuration list for PBXProject "MichaelChang-Lab4" */;
			compatibilityVersion = "Xcode 9.3";
			developmentRegion = en;
			hasScannedForEncodings = 0;
			knownRegions = (
				en,
				Base,
			);
			mainGroup = 22F1A49220EEE6880094A456;
			productRefGroup = 22F1A49C20EEE6880094A456 /* Products */;
			projectDirPath = "";
			projectRoot = "";
			targets = (
				22F1A49A20EEE6880094A456 /* MichaelChang-Lab4 */,
				22F1A4AE20EEE6910094A456 /* MichaelChang-Lab4Tests */,
				22F1A4B920EEE6910094A456 /* MichaelChang-Lab4UITests */,
			);
		};
/* End PBXProject section */

/* Begin PBXResourcesBuildPhase section */
		22F1A49920EEE6880094A456 /* Resources */ = {
			isa = PBXResourcesBuildPhase;
			buildActionMask = 2147483647;
			files = (
				2238BC0A20F123BD0087A346 /* Favorites.plist in Resources */,
				22F1A4A920EEE6910094A456 /* LaunchScreen.storyboard in Resources */,
				689CB74820F28C0600D84241 /* GoogleService-Info.plist in Resources */,
				685E1ADD20F1824800B4D3A1 /* favorites.db in Resources */,
				22F1A4A620EEE6910094A456 /* Assets.xcassets in Resources */,
				22F1A4A420EEE6880094A456 /* Main.storyboard in Resources */,
			);
			runOnlyForDeploymentPostprocessing = 0;
		};
		22F1A4AD20EEE6910094A456 /* Resources */ = {
			isa = PBXResourcesBuildPhase;
			buildActionMask = 2147483647;
			files = (
			);
			runOnlyForDeploymentPostprocessing = 0;
		};
		22F1A4B820EEE6910094A456 /* Resources */ = {
			isa = PBXResourcesBuildPhase;
			buildActionMask = 2147483647;
			files = (
			);
			runOnlyForDeploymentPostprocessing = 0;
		};
/* End PBXResourcesBuildPhase section */

/* Begin PBXShellScriptBuildPhase section */
		2FDA3E516DF7CE82496752E0 /* [CP] Check Pods Manifest.lock */ = {
			isa = PBXShellScriptBuildPhase;
			buildActionMask = 2147483647;
			files = (
			);
			inputPaths = (
				"${PODS_PODFILE_DIR_PATH}/Podfile.lock",
				"${PODS_ROOT}/Manifest.lock",
			);
			name = "[CP] Check Pods Manifest.lock";
			outputPaths = (
				"$(DERIVED_FILE_DIR)/Pods-MichaelChang-Lab4-checkManifestLockResult.txt",
			);
			runOnlyForDeploymentPostprocessing = 0;
			shellPath = /bin/sh;
			shellScript = "diff \"${PODS_PODFILE_DIR_PATH}/Podfile.lock\" \"${PODS_ROOT}/Manifest.lock\" > /dev/null\nif [ $? != 0 ] ; then\n    # print error to STDERR\n    echo \"error: The sandbox is not in sync with the Podfile.lock. Run 'pod install' or update your CocoaPods installation.\" >&2\n    exit 1\nfi\n# This output is used by Xcode 'outputs' to avoid re-running this script phase.\necho \"SUCCESS\" > \"${SCRIPT_OUTPUT_FILE_0}\"\n";
			showEnvVarsInLog = 0;
		};
		3AEBCEEBCFFB04B85CEFA62D /* [CP] Check Pods Manifest.lock */ = {
			isa = PBXShellScriptBuildPhase;
			buildActionMask = 2147483647;
			files = (
			);
			inputPaths = (
				"${PODS_PODFILE_DIR_PATH}/Podfile.lock",
				"${PODS_ROOT}/Manifest.lock",
			);
			name = "[CP] Check Pods Manifest.lock";
			outputPaths = (
				"$(DERIVED_FILE_DIR)/Pods-MichaelChang-Lab4UITests-checkManifestLockResult.txt",
			);
			runOnlyForDeploymentPostprocessing = 0;
			shellPath = /bin/sh;
			shellScript = "diff \"${PODS_PODFILE_DIR_PATH}/Podfile.lock\" \"${PODS_ROOT}/Manifest.lock\" > /dev/null\nif [ $? != 0 ] ; then\n    # print error to STDERR\n    echo \"error: The sandbox is not in sync with the Podfile.lock. Run 'pod install' or update your CocoaPods installation.\" >&2\n    exit 1\nfi\n# This output is used by Xcode 'outputs' to avoid re-running this script phase.\necho \"SUCCESS\" > \"${SCRIPT_OUTPUT_FILE_0}\"\n";
			showEnvVarsInLog = 0;
		};
		A0A52B76A3421B8C224C39E4 /* [CP] Check Pods Manifest.lock */ = {
			isa = PBXShellScriptBuildPhase;
			buildActionMask = 2147483647;
			files = (
			);
			inputPaths = (
				"${PODS_PODFILE_DIR_PATH}/Podfile.lock",
				"${PODS_ROOT}/Manifest.lock",
			);
			name = "[CP] Check Pods Manifest.lock";
			outputPaths = (
				"$(DERIVED_FILE_DIR)/Pods-MichaelChang-Lab4Tests-checkManifestLockResult.txt",
			);
			runOnlyForDeploymentPostprocessing = 0;
			shellPath = /bin/sh;
			shellScript = "diff \"${PODS_PODFILE_DIR_PATH}/Podfile.lock\" \"${PODS_ROOT}/Manifest.lock\" > /dev/null\nif [ $? != 0 ] ; then\n    # print error to STDERR\n    echo \"error: The sandbox is not in sync with the Podfile.lock. Run 'pod install' or update your CocoaPods installation.\" >&2\n    exit 1\nfi\n# This output is used by Xcode 'outputs' to avoid re-running this script phase.\necho \"SUCCESS\" > \"${SCRIPT_OUTPUT_FILE_0}\"\n";
			showEnvVarsInLog = 0;
		};
		C8CD55408AE0027F6F49A843 /* [CP] Embed Pods Frameworks */ = {
			isa = PBXShellScriptBuildPhase;
			buildActionMask = 2147483647;
			files = (
			);
			inputPaths = (
				"${SRCROOT}/Pods/Target Support Files/Pods-MichaelChang-Lab4/Pods-MichaelChang-Lab4-frameworks.sh",
				"${BUILT_PRODUCTS_DIR}/youtube-ios-player-helper/youtube_ios_player_helper.framework",
			);
			name = "[CP] Embed Pods Frameworks";
			outputPaths = (
				"${TARGET_BUILD_DIR}/${FRAMEWORKS_FOLDER_PATH}/youtube_ios_player_helper.framework",
			);
			runOnlyForDeploymentPostprocessing = 0;
			shellPath = /bin/sh;
			shellScript = "\"${SRCROOT}/Pods/Target Support Files/Pods-MichaelChang-Lab4/Pods-MichaelChang-Lab4-frameworks.sh\"\n";
			showEnvVarsInLog = 0;
		};
/* End PBXShellScriptBuildPhase section */

/* Begin PBXSourcesBuildPhase section */
		22F1A49720EEE6880094A456 /* Sources */ = {
			isa = PBXSourcesBuildPhase;
			buildActionMask = 2147483647;
			files = (
				22F1A4A120EEE6880094A456 /* ViewController.swift in Sources */,
				22F1A4CF20EEF9650094A456 /* TMDbSearchResult.swift in Sources */,
				685E1AEB20F182CA00B4D3A1 /* FMDatabase.m in Sources */,
				22F1A49F20EEE6880094A456 /* AppDelegate.swift in Sources */,
				687F949820F16C4D00CE0AAB /* ReleaseDetails.swift in Sources */,
				6881593020FA85FD00F27757 /* GenreResult.swift in Sources */,
				2238BC0C20F124520087A346 /* FavoritesTableViewController.swift in Sources */,
				68A2DFA320FAC3670070C511 /* Video.swift in Sources */,
				22F1A4D120EEFAFA0094A456 /* MovieData.swift in Sources */,
				68A2DF9D20FABF910070C511 /* TrailerViewController.swift in Sources */,
				685E1AEA20F182CA00B4D3A1 /* FMResultSet.m in Sources */,
				6881593420FA876000F27757 /* Genre.swift in Sources */,
				2217D7CC20F0792700639B82 /* MovieDetailViewController.swift in Sources */,
				685E1AEE20F182CA00B4D3A1 /* FMDatabaseQueue.m in Sources */,
				68A2DF9F20FAC3120070C511 /* VideoResult.swift in Sources */,
				687F949620F1684000CE0AAB /* TMDbDetailsResult.swift in Sources */,
				22F1A4CD20EEEC4B0094A456 /* MovieCollectionViewCell.swift in Sources */,
				685E1AEC20F182CA00B4D3A1 /* FMDatabasePool.m in Sources */,
				6881593D20FA971000F27757 /* GenreViewController.swift in Sources */,
				22F1A4D320EF0C270094A456 /* MovieCollectionView.swift in Sources */,
				687F949420F1675D00CE0AAB /* MovieDetails.swift in Sources */,
				685E1AED20F182CA00B4D3A1 /* FMDatabaseAdditions.m in Sources */,
			);
			runOnlyForDeploymentPostprocessing = 0;
		};
		22F1A4AB20EEE6910094A456 /* Sources */ = {
			isa = PBXSourcesBuildPhase;
			buildActionMask = 2147483647;
			files = (
				22F1A4B420EEE6910094A456 /* MichaelChang_Lab4Tests.swift in Sources */,
			);
			runOnlyForDeploymentPostprocessing = 0;
		};
		22F1A4B620EEE6910094A456 /* Sources */ = {
			isa = PBXSourcesBuildPhase;
			buildActionMask = 2147483647;
			files = (
				22F1A4BF20EEE6910094A456 /* MichaelChang_Lab4UITests.swift in Sources */,
			);
			runOnlyForDeploymentPostprocessing = 0;
		};
/* End PBXSourcesBuildPhase section */

/* Begin PBXTargetDependency section */
		22F1A4B120EEE6910094A456 /* PBXTargetDependency */ = {
			isa = PBXTargetDependency;
			target = 22F1A49A20EEE6880094A456 /* MichaelChang-Lab4 */;
			targetProxy = 22F1A4B020EEE6910094A456 /* PBXContainerItemProxy */;
		};
		22F1A4BC20EEE6910094A456 /* PBXTargetDependency */ = {
			isa = PBXTargetDependency;
			target = 22F1A49A20EEE6880094A456 /* MichaelChang-Lab4 */;
			targetProxy = 22F1A4BB20EEE6910094A456 /* PBXContainerItemProxy */;
		};
/* End PBXTargetDependency section */

/* Begin PBXVariantGroup section */
		22F1A4A220EEE6880094A456 /* Main.storyboard */ = {
			isa = PBXVariantGroup;
			children = (
				22F1A4A320EEE6880094A456 /* Base */,
			);
			name = Main.storyboard;
			sourceTree = "<group>";
		};
		22F1A4A720EEE6910094A456 /* LaunchScreen.storyboard */ = {
			isa = PBXVariantGroup;
			children = (
				22F1A4A820EEE6910094A456 /* Base */,
			);
			name = LaunchScreen.storyboard;
			sourceTree = "<group>";
		};
/* End PBXVariantGroup section */

/* Begin XCBuildConfiguration section */
		22F1A4C120EEE6910094A456 /* Debug */ = {
			isa = XCBuildConfiguration;
			buildSettings = {
				ALWAYS_SEARCH_USER_PATHS = NO;
				CLANG_ANALYZER_NONNULL = YES;
				CLANG_ANALYZER_NUMBER_OBJECT_CONVERSION = YES_AGGRESSIVE;
				CLANG_CXX_LANGUAGE_STANDARD = "gnu++14";
				CLANG_CXX_LIBRARY = "libc++";
				CLANG_ENABLE_MODULES = YES;
				CLANG_ENABLE_OBJC_ARC = YES;
				CLANG_ENABLE_OBJC_WEAK = YES;
				CLANG_WARN_BLOCK_CAPTURE_AUTORELEASING = YES;
				CLANG_WARN_BOOL_CONVERSION = YES;
				CLANG_WARN_COMMA = YES;
				CLANG_WARN_CONSTANT_CONVERSION = YES;
				CLANG_WARN_DEPRECATED_OBJC_IMPLEMENTATIONS = YES;
				CLANG_WARN_DIRECT_OBJC_ISA_USAGE = YES_ERROR;
				CLANG_WARN_DOCUMENTATION_COMMENTS = YES;
				CLANG_WARN_EMPTY_BODY = YES;
				CLANG_WARN_ENUM_CONVERSION = YES;
				CLANG_WARN_INFINITE_RECURSION = YES;
				CLANG_WARN_INT_CONVERSION = YES;
				CLANG_WARN_NON_LITERAL_NULL_CONVERSION = YES;
				CLANG_WARN_OBJC_IMPLICIT_RETAIN_SELF = YES;
				CLANG_WARN_OBJC_LITERAL_CONVERSION = YES;
				CLANG_WARN_OBJC_ROOT_CLASS = YES_ERROR;
				CLANG_WARN_RANGE_LOOP_ANALYSIS = YES;
				CLANG_WARN_STRICT_PROTOTYPES = YES;
				CLANG_WARN_SUSPICIOUS_MOVE = YES;
				CLANG_WARN_UNGUARDED_AVAILABILITY = YES_AGGRESSIVE;
				CLANG_WARN_UNREACHABLE_CODE = YES;
				CLANG_WARN__DUPLICATE_METHOD_MATCH = YES;
				CODE_SIGN_IDENTITY = "iPhone Developer";
				COPY_PHASE_STRIP = NO;
				DEBUG_INFORMATION_FORMAT = dwarf;
				ENABLE_STRICT_OBJC_MSGSEND = YES;
				ENABLE_TESTABILITY = YES;
				GCC_C_LANGUAGE_STANDARD = gnu11;
				GCC_DYNAMIC_NO_PIC = NO;
				GCC_NO_COMMON_BLOCKS = YES;
				GCC_OPTIMIZATION_LEVEL = 0;
				GCC_PREPROCESSOR_DEFINITIONS = (
					"DEBUG=1",
					"$(inherited)",
				);
				GCC_WARN_64_TO_32_BIT_CONVERSION = YES;
				GCC_WARN_ABOUT_RETURN_TYPE = YES_ERROR;
				GCC_WARN_UNDECLARED_SELECTOR = YES;
				GCC_WARN_UNINITIALIZED_AUTOS = YES_AGGRESSIVE;
				GCC_WARN_UNUSED_FUNCTION = YES;
				GCC_WARN_UNUSED_VARIABLE = YES;
				IPHONEOS_DEPLOYMENT_TARGET = 11.4;
				MTL_ENABLE_DEBUG_INFO = YES;
				ONLY_ACTIVE_ARCH = YES;
				SDKROOT = iphoneos;
				SWIFT_ACTIVE_COMPILATION_CONDITIONS = DEBUG;
				SWIFT_OPTIMIZATION_LEVEL = "-Onone";
			};
			name = Debug;
		};
		22F1A4C220EEE6910094A456 /* Release */ = {
			isa = XCBuildConfiguration;
			buildSettings = {
				ALWAYS_SEARCH_USER_PATHS = NO;
				CLANG_ANALYZER_NONNULL = YES;
				CLANG_ANALYZER_NUMBER_OBJECT_CONVERSION = YES_AGGRESSIVE;
				CLANG_CXX_LANGUAGE_STANDARD = "gnu++14";
				CLANG_CXX_LIBRARY = "libc++";
				CLANG_ENABLE_MODULES = YES;
				CLANG_ENABLE_OBJC_ARC = YES;
				CLANG_ENABLE_OBJC_WEAK = YES;
				CLANG_WARN_BLOCK_CAPTURE_AUTORELEASING = YES;
				CLANG_WARN_BOOL_CONVERSION = YES;
				CLANG_WARN_COMMA = YES;
				CLANG_WARN_CONSTANT_CONVERSION = YES;
				CLANG_WARN_DEPRECATED_OBJC_IMPLEMENTATIONS = YES;
				CLANG_WARN_DIRECT_OBJC_ISA_USAGE = YES_ERROR;
				CLANG_WARN_DOCUMENTATION_COMMENTS = YES;
				CLANG_WARN_EMPTY_BODY = YES;
				CLANG_WARN_ENUM_CONVERSION = YES;
				CLANG_WARN_INFINITE_RECURSION = YES;
				CLANG_WARN_INT_CONVERSION = YES;
				CLANG_WARN_NON_LITERAL_NULL_CONVERSION = YES;
				CLANG_WARN_OBJC_IMPLICIT_RETAIN_SELF = YES;
				CLANG_WARN_OBJC_LITERAL_CONVERSION = YES;
				CLANG_WARN_OBJC_ROOT_CLASS = YES_ERROR;
				CLANG_WARN_RANGE_LOOP_ANALYSIS = YES;
				CLANG_WARN_STRICT_PROTOTYPES = YES;
				CLANG_WARN_SUSPICIOUS_MOVE = YES;
				CLANG_WARN_UNGUARDED_AVAILABILITY = YES_AGGRESSIVE;
				CLANG_WARN_UNREACHABLE_CODE = YES;
				CLANG_WARN__DUPLICATE_METHOD_MATCH = YES;
				CODE_SIGN_IDENTITY = "iPhone Developer";
				COPY_PHASE_STRIP = NO;
				DEBUG_INFORMATION_FORMAT = "dwarf-with-dsym";
				ENABLE_NS_ASSERTIONS = NO;
				ENABLE_STRICT_OBJC_MSGSEND = YES;
				GCC_C_LANGUAGE_STANDARD = gnu11;
				GCC_NO_COMMON_BLOCKS = YES;
				GCC_WARN_64_TO_32_BIT_CONVERSION = YES;
				GCC_WARN_ABOUT_RETURN_TYPE = YES_ERROR;
				GCC_WARN_UNDECLARED_SELECTOR = YES;
				GCC_WARN_UNINITIALIZED_AUTOS = YES_AGGRESSIVE;
				GCC_WARN_UNUSED_FUNCTION = YES;
				GCC_WARN_UNUSED_VARIABLE = YES;
				IPHONEOS_DEPLOYMENT_TARGET = 11.4;
				MTL_ENABLE_DEBUG_INFO = NO;
				SDKROOT = iphoneos;
				SWIFT_COMPILATION_MODE = wholemodule;
				SWIFT_OPTIMIZATION_LEVEL = "-O";
				VALIDATE_PRODUCT = YES;
			};
			name = Release;
		};
		22F1A4C420EEE6910094A456 /* Debug */ = {
			isa = XCBuildConfiguration;
			baseConfigurationReference = E919C662DB48C4F7ED35CF6B /* Pods-MichaelChang-Lab4.debug.xcconfig */;
			buildSettings = {
				ASSETCATALOG_COMPILER_APPICON_NAME = AppIcon;
				CLANG_ENABLE_MODULES = YES;
				CODE_SIGN_STYLE = Automatic;
				DEVELOPMENT_TEAM = W5M5K2W3PT;
				INFOPLIST_FILE = "MichaelChang-Lab4/Info.plist";
				LD_RUNPATH_SEARCH_PATHS = (
					"$(inherited)",
					"@executable_path/Frameworks",
				);
				PRODUCT_BUNDLE_IDENTIFIER = "mc.MichaelChang-Lab4";
				PRODUCT_NAME = "$(TARGET_NAME)";
				SWIFT_OBJC_BRIDGING_HEADER = "MichaelChang-Lab4-Bridging-Header.h";
				SWIFT_OPTIMIZATION_LEVEL = "-Onone";
				SWIFT_VERSION = 4.0;
				TARGETED_DEVICE_FAMILY = "1,2";
			};
			name = Debug;
		};
		22F1A4C520EEE6910094A456 /* Release */ = {
			isa = XCBuildConfiguration;
			baseConfigurationReference = CD67D4B07CC3310340DC429A /* Pods-MichaelChang-Lab4.release.xcconfig */;
			buildSettings = {
				ASSETCATALOG_COMPILER_APPICON_NAME = AppIcon;
				CLANG_ENABLE_MODULES = YES;
				CODE_SIGN_STYLE = Automatic;
				DEVELOPMENT_TEAM = W5M5K2W3PT;
				INFOPLIST_FILE = "MichaelChang-Lab4/Info.plist";
				LD_RUNPATH_SEARCH_PATHS = (
					"$(inherited)",
					"@executable_path/Frameworks",
				);
				PRODUCT_BUNDLE_IDENTIFIER = "mc.MichaelChang-Lab4";
				PRODUCT_NAME = "$(TARGET_NAME)";
				SWIFT_OBJC_BRIDGING_HEADER = "MichaelChang-Lab4-Bridging-Header.h";
				SWIFT_VERSION = 4.0;
				TARGETED_DEVICE_FAMILY = "1,2";
			};
			name = Release;
		};
		22F1A4C720EEE6910094A456 /* Debug */ = {
			isa = XCBuildConfiguration;
			baseConfigurationReference = 993932EAA244BB79ED2432BA /* Pods-MichaelChang-Lab4Tests.debug.xcconfig */;
			buildSettings = {
				ALWAYS_EMBED_SWIFT_STANDARD_LIBRARIES = YES;
				BUNDLE_LOADER = "$(TEST_HOST)";
				CODE_SIGN_STYLE = Automatic;
				DEVELOPMENT_TEAM = W5M5K2W3PT;
				INFOPLIST_FILE = "MichaelChang-Lab4Tests/Info.plist";
				LD_RUNPATH_SEARCH_PATHS = (
					"$(inherited)",
					"@executable_path/Frameworks",
					"@loader_path/Frameworks",
				);
				PRODUCT_BUNDLE_IDENTIFIER = "mc.MichaelChang-Lab4Tests";
				PRODUCT_NAME = "$(TARGET_NAME)";
				SWIFT_VERSION = 4.0;
				TARGETED_DEVICE_FAMILY = "1,2";
				TEST_HOST = "$(BUILT_PRODUCTS_DIR)/MichaelChang-Lab4.app/MichaelChang-Lab4";
			};
			name = Debug;
		};
		22F1A4C820EEE6910094A456 /* Release */ = {
			isa = XCBuildConfiguration;
			baseConfigurationReference = 0CBF79FD49F977D6C362A3A7 /* Pods-MichaelChang-Lab4Tests.release.xcconfig */;
			buildSettings = {
				ALWAYS_EMBED_SWIFT_STANDARD_LIBRARIES = YES;
				BUNDLE_LOADER = "$(TEST_HOST)";
				CODE_SIGN_STYLE = Automatic;
				DEVELOPMENT_TEAM = W5M5K2W3PT;
				INFOPLIST_FILE = "MichaelChang-Lab4Tests/Info.plist";
				LD_RUNPATH_SEARCH_PATHS = (
					"$(inherited)",
					"@executable_path/Frameworks",
					"@loader_path/Frameworks",
				);
				PRODUCT_BUNDLE_IDENTIFIER = "mc.MichaelChang-Lab4Tests";
				PRODUCT_NAME = "$(TARGET_NAME)";
				SWIFT_VERSION = 4.0;
				TARGETED_DEVICE_FAMILY = "1,2";
				TEST_HOST = "$(BUILT_PRODUCTS_DIR)/MichaelChang-Lab4.app/MichaelChang-Lab4";
			};
			name = Release;
		};
		22F1A4CA20EEE6910094A456 /* Debug */ = {
			isa = XCBuildConfiguration;
			baseConfigurationReference = FEAB824A8367F9F530E2B6F6 /* Pods-MichaelChang-Lab4UITests.debug.xcconfig */;
			buildSettings = {
				ALWAYS_EMBED_SWIFT_STANDARD_LIBRARIES = YES;
				CODE_SIGN_STYLE = Automatic;
				DEVELOPMENT_TEAM = W5M5K2W3PT;
				INFOPLIST_FILE = "MichaelChang-Lab4UITests/Info.plist";
				LD_RUNPATH_SEARCH_PATHS = (
					"$(inherited)",
					"@executable_path/Frameworks",
					"@loader_path/Frameworks",
				);
				PRODUCT_BUNDLE_IDENTIFIER = "mc.MichaelChang-Lab4UITests";
				PRODUCT_NAME = "$(TARGET_NAME)";
				SWIFT_VERSION = 4.0;
				TARGETED_DEVICE_FAMILY = "1,2";
				TEST_TARGET_NAME = "MichaelChang-Lab4";
			};
			name = Debug;
		};
		22F1A4CB20EEE6910094A456 /* Release */ = {
			isa = XCBuildConfiguration;
			baseConfigurationReference = B0969B7763951981A1301730 /* Pods-MichaelChang-Lab4UITests.release.xcconfig */;
			buildSettings = {
				ALWAYS_EMBED_SWIFT_STANDARD_LIBRARIES = YES;
				CODE_SIGN_STYLE = Automatic;
				DEVELOPMENT_TEAM = W5M5K2W3PT;
				INFOPLIST_FILE = "MichaelChang-Lab4UITests/Info.plist";
				LD_RUNPATH_SEARCH_PATHS = (
					"$(inherited)",
					"@executable_path/Frameworks",
					"@loader_path/Frameworks",
				);
				PRODUCT_BUNDLE_IDENTIFIER = "mc.MichaelChang-Lab4UITests";
				PRODUCT_NAME = "$(TARGET_NAME)";
				SWIFT_VERSION = 4.0;
				TARGETED_DEVICE_FAMILY = "1,2";
				TEST_TARGET_NAME = "MichaelChang-Lab4";
			};
			name = Release;
		};
/* End XCBuildConfiguration section */

/* Begin XCConfigurationList section */
		22F1A49620EEE6880094A456 /* Build configuration list for PBXProject "MichaelChang-Lab4" */ = {
			isa = XCConfigurationList;
			buildConfigurations = (
				22F1A4C120EEE6910094A456 /* Debug */,
				22F1A4C220EEE6910094A456 /* Release */,
			);
			defaultConfigurationIsVisible = 0;
			defaultConfigurationName = Release;
		};
		22F1A4C320EEE6910094A456 /* Build configuration list for PBXNativeTarget "MichaelChang-Lab4" */ = {
			isa = XCConfigurationList;
			buildConfigurations = (
				22F1A4C420EEE6910094A456 /* Debug */,
				22F1A4C520EEE6910094A456 /* Release */,
			);
			defaultConfigurationIsVisible = 0;
			defaultConfigurationName = Release;
		};
		22F1A4C620EEE6910094A456 /* Build configuration list for PBXNativeTarget "MichaelChang-Lab4Tests" */ = {
			isa = XCConfigurationList;
			buildConfigurations = (
				22F1A4C720EEE6910094A456 /* Debug */,
				22F1A4C820EEE6910094A456 /* Release */,
			);
			defaultConfigurationIsVisible = 0;
			defaultConfigurationName = Release;
		};
		22F1A4C920EEE6910094A456 /* Build configuration list for PBXNativeTarget "MichaelChang-Lab4UITests" */ = {
			isa = XCConfigurationList;
			buildConfigurations = (
				22F1A4CA20EEE6910094A456 /* Debug */,
				22F1A4CB20EEE6910094A456 /* Release */,
			);
			defaultConfigurationIsVisible = 0;
			defaultConfigurationName = Release;
		};
/* End XCConfigurationList section */
	};
	rootObject = 22F1A49320EEE6880094A456 /* Project object */;
}
